// !$*UTF8*$!
{
	archiveVersion = 1;
	classes = {
	};
	objectVersion = 46;
	objects = {

/* Begin PBXBuildFile section */
		6968F1C716C906AC0023EF7A /* ALDetailViewController.m in Sources */ = {isa = PBXBuildFile; fileRef = 69CC553516C8E34500CDC6FC /* ALDetailViewController.m */; };
		6968F1C816C906AC0023EF7A /* ALMasterViewController.m in Sources */ = {isa = PBXBuildFile; fileRef = 69CC553716C8E34500CDC6FC /* ALMasterViewController.m */; };
		6968F1CA16C910B20023EF7A /* QuartzCore.framework in Frameworks */ = {isa = PBXBuildFile; fileRef = 6968F1C916C910B20023EF7A /* QuartzCore.framework */; };
		69CC553C16C8E35A00CDC6FC /* ALDetailViewController.xib in Resources */ = {isa = PBXBuildFile; fileRef = 69CC553A16C8E35A00CDC6FC /* ALDetailViewController.xib */; };
		69CC553F16C8E36000CDC6FC /* ALMasterViewController.xib in Resources */ = {isa = PBXBuildFile; fileRef = 69CC553D16C8E36000CDC6FC /* ALMasterViewController.xib */; };
		69CC554216C8E36A00CDC6FC /* InfoPlist.strings in Resources */ = {isa = PBXBuildFile; fileRef = 69CC554016C8E36A00CDC6FC /* InfoPlist.strings */; };
		69CC554516C8EF8F00CDC6FC /* finance.png in Resources */ = {isa = PBXBuildFile; fileRef = 69CC554416C8EF8F00CDC6FC /* finance.png */; };
		F259711016C2C4B800DEEBDC /* UIKit.framework in Frameworks */ = {isa = PBXBuildFile; fileRef = F259710F16C2C4B800DEEBDC /* UIKit.framework */; };
		F259711216C2C4B800DEEBDC /* Foundation.framework in Frameworks */ = {isa = PBXBuildFile; fileRef = F259711116C2C4B800DEEBDC /* Foundation.framework */; };
		F259711416C2C4B800DEEBDC /* CoreGraphics.framework in Frameworks */ = {isa = PBXBuildFile; fileRef = F259711316C2C4B800DEEBDC /* CoreGraphics.framework */; };
		F259711C16C2C4B800DEEBDC /* main.m in Sources */ = {isa = PBXBuildFile; fileRef = F259711B16C2C4B800DEEBDC /* main.m */; };
		F259712016C2C4B800DEEBDC /* ALAppDelegate.m in Sources */ = {isa = PBXBuildFile; fileRef = F259711F16C2C4B800DEEBDC /* ALAppDelegate.m */; };
		F259712216C2C4B800DEEBDC /* Default.png in Resources */ = {isa = PBXBuildFile; fileRef = F259712116C2C4B800DEEBDC /* Default.png */; };
		F259712416C2C4B800DEEBDC /* Default@2x.png in Resources */ = {isa = PBXBuildFile; fileRef = F259712316C2C4B800DEEBDC /* Default@2x.png */; };
		F259712616C2C4B800DEEBDC /* Default-568h@2x.png in Resources */ = {isa = PBXBuildFile; fileRef = F259712516C2C4B800DEEBDC /* Default-568h@2x.png */; };
/* End PBXBuildFile section */

/* Begin PBXFileReference section */
		6968F1C916C910B20023EF7A /* QuartzCore.framework */ = {isa = PBXFileReference; lastKnownFileType = wrapper.framework; name = QuartzCore.framework; path = System/Library/Frameworks/QuartzCore.framework; sourceTree = SDKROOT; };
		69CC553416C8E34500CDC6FC /* ALDetailViewController.h */ = {isa = PBXFileReference; lastKnownFileType = sourcecode.c.h; path = ALDetailViewController.h; sourceTree = "<group>"; };
		69CC553516C8E34500CDC6FC /* ALDetailViewController.m */ = {isa = PBXFileReference; lastKnownFileType = sourcecode.c.objc; path = ALDetailViewController.m; sourceTree = "<group>"; };
		69CC553616C8E34500CDC6FC /* ALMasterViewController.h */ = {isa = PBXFileReference; lastKnownFileType = sourcecode.c.h; path = ALMasterViewController.h; sourceTree = "<group>"; };
		69CC553716C8E34500CDC6FC /* ALMasterViewController.m */ = {isa = PBXFileReference; lastKnownFileType = sourcecode.c.objc; path = ALMasterViewController.m; sourceTree = "<group>"; };
		69CC553B16C8E35A00CDC6FC /* en */ = {isa = PBXFileReference; lastKnownFileType = file.xib; name = en; path = en.lproj/ALDetailViewController.xib; sourceTree = "<group>"; };
		69CC553E16C8E36000CDC6FC /* en */ = {isa = PBXFileReference; lastKnownFileType = file.xib; name = en; path = en.lproj/ALMasterViewController.xib; sourceTree = "<group>"; };
		69CC554116C8E36A00CDC6FC /* en */ = {isa = PBXFileReference; lastKnownFileType = text.plist.strings; name = en; path = Controllers/en.lproj/InfoPlist.strings; sourceTree = "<group>"; };
		69CC554416C8EF8F00CDC6FC /* finance.png */ = {isa = PBXFileReference; lastKnownFileType = image.png; path = finance.png; sourceTree = "<group>"; };
		F259710C16C2C4B800DEEBDC /* BusiPDF.app */ = {isa = PBXFileReference; explicitFileType = wrapper.application; includeInIndex = 0; path = BusiPDF.app; sourceTree = BUILT_PRODUCTS_DIR; };
		F259710F16C2C4B800DEEBDC /* UIKit.framework */ = {isa = PBXFileReference; lastKnownFileType = wrapper.framework; name = UIKit.framework; path = System/Library/Frameworks/UIKit.framework; sourceTree = SDKROOT; };
		F259711116C2C4B800DEEBDC /* Foundation.framework */ = {isa = PBXFileReference; lastKnownFileType = wrapper.framework; name = Foundation.framework; path = System/Library/Frameworks/Foundation.framework; sourceTree = SDKROOT; };
		F259711316C2C4B800DEEBDC /* CoreGraphics.framework */ = {isa = PBXFileReference; lastKnownFileType = wrapper.framework; name = CoreGraphics.framework; path = System/Library/Frameworks/CoreGraphics.framework; sourceTree = SDKROOT; };
		F259711716C2C4B800DEEBDC /* BusiPDF-Info.plist */ = {isa = PBXFileReference; lastKnownFileType = text.plist.xml; path = "BusiPDF-Info.plist"; sourceTree = "<group>"; };
		F259711B16C2C4B800DEEBDC /* main.m */ = {isa = PBXFileReference; lastKnownFileType = sourcecode.c.objc; path = main.m; sourceTree = "<group>"; };
		F259711D16C2C4B800DEEBDC /* BusiPDF-Prefix.pch */ = {isa = PBXFileReference; lastKnownFileType = sourcecode.c.h; path = "BusiPDF-Prefix.pch"; sourceTree = "<group>"; };
		F259711E16C2C4B800DEEBDC /* ALAppDelegate.h */ = {isa = PBXFileReference; lastKnownFileType = sourcecode.c.h; path = ALAppDelegate.h; sourceTree = "<group>"; };
		F259711F16C2C4B800DEEBDC /* ALAppDelegate.m */ = {isa = PBXFileReference; lastKnownFileType = sourcecode.c.objc; path = ALAppDelegate.m; sourceTree = "<group>"; };
		F259712116C2C4B800DEEBDC /* Default.png */ = {isa = PBXFileReference; lastKnownFileType = image.png; path = Default.png; sourceTree = "<group>"; };
		F259712316C2C4B800DEEBDC /* Default@2x.png */ = {isa = PBXFileReference; lastKnownFileType = image.png; path = "Default@2x.png"; sourceTree = "<group>"; };
		F259712516C2C4B800DEEBDC /* Default-568h@2x.png */ = {isa = PBXFileReference; lastKnownFileType = image.png; path = "Default-568h@2x.png"; sourceTree = "<group>"; };
		F259713816C2C4DA00DEEBDC /* BusiPDF.entitlements */ = {isa = PBXFileReference; lastKnownFileType = text.xml; path = BusiPDF.entitlements; sourceTree = "<group>"; };
/* End PBXFileReference section */

/* Begin PBXFrameworksBuildPhase section */
		F259710916C2C4B800DEEBDC /* Frameworks */ = {
			isa = PBXFrameworksBuildPhase;
			buildActionMask = 2147483647;
			files = (
				F259711016C2C4B800DEEBDC /* UIKit.framework in Frameworks */,
				6968F1CA16C910B20023EF7A /* QuartzCore.framework in Frameworks */,
				F259711216C2C4B800DEEBDC /* Foundation.framework in Frameworks */,
				F259711416C2C4B800DEEBDC /* CoreGraphics.framework in Frameworks */,
			);
			runOnlyForDeploymentPostprocessing = 0;
		};
/* End PBXFrameworksBuildPhase section */

/* Begin PBXGroup section */
		69CC553816C8E34A00CDC6FC /* Detail */ = {
			isa = PBXGroup;
			children = (
				69CC553416C8E34500CDC6FC /* ALDetailViewController.h */,
				69CC553A16C8E35A00CDC6FC /* ALDetailViewController.xib */,
				69CC553516C8E34500CDC6FC /* ALDetailViewController.m */,
			);
			name = Detail;
			sourceTree = "<group>";
		};
		69CC553916C8E35000CDC6FC /* Master */ = {
			isa = PBXGroup;
			children = (
				69CC553616C8E34500CDC6FC /* ALMasterViewController.h */,
				69CC553D16C8E36000CDC6FC /* ALMasterViewController.xib */,
				69CC553716C8E34500CDC6FC /* ALMasterViewController.m */,
			);
			name = Master;
			sourceTree = "<group>";
		};
		69CC554316C8EF8F00CDC6FC /* Resources */ = {
			isa = PBXGroup;
			children = (
				69CC554416C8EF8F00CDC6FC /* finance.png */,
			);
			path = Resources;
			sourceTree = "<group>";
		};
		69FB7E4816C845810002D763 /* AppDelegate */ = {
			isa = PBXGroup;
			children = (
				F259711E16C2C4B800DEEBDC /* ALAppDelegate.h */,
				F259711F16C2C4B800DEEBDC /* ALAppDelegate.m */,
			);
			name = AppDelegate;
			sourceTree = "<group>";
		};
		69FB7E4916C845B70002D763 /* Controllers */ = {
			isa = PBXGroup;
			children = (
				69CC553816C8E34A00CDC6FC /* Detail */,
				69CC553916C8E35000CDC6FC /* Master */,
			);
			path = Controllers;
			sourceTree = "<group>";
		};
		F259710316C2C4B800DEEBDC = {
			isa = PBXGroup;
			children = (
				F259711516C2C4B800DEEBDC /* BusiPDF */,
				F259710E16C2C4B800DEEBDC /* Frameworks */,
				F259710D16C2C4B800DEEBDC /* Products */,
			);
			sourceTree = "<group>";
		};
		F259710D16C2C4B800DEEBDC /* Products */ = {
			isa = PBXGroup;
			children = (
				F259710C16C2C4B800DEEBDC /* BusiPDF.app */,
			);
			name = Products;
			sourceTree = "<group>";
		};
		F259710E16C2C4B800DEEBDC /* Frameworks */ = {
			isa = PBXGroup;
			children = (
				6968F1C916C910B20023EF7A /* QuartzCore.framework */,
				F259710F16C2C4B800DEEBDC /* UIKit.framework */,
				F259711116C2C4B800DEEBDC /* Foundation.framework */,
				F259711316C2C4B800DEEBDC /* CoreGraphics.framework */,
			);
			name = Frameworks;
			sourceTree = "<group>";
		};
		F259711516C2C4B800DEEBDC /* BusiPDF */ = {
			isa = PBXGroup;
			children = (
				69CC554316C8EF8F00CDC6FC /* Resources */,
				69FB7E4916C845B70002D763 /* Controllers */,
				69FB7E4816C845810002D763 /* AppDelegate */,
				F259711616C2C4B800DEEBDC /* Supporting Files */,
			);
			path = BusiPDF;
			sourceTree = "<group>";
		};
		F259711616C2C4B800DEEBDC /* Supporting Files */ = {
			isa = PBXGroup;
			children = (
				F259713816C2C4DA00DEEBDC /* BusiPDF.entitlements */,
				F259711716C2C4B800DEEBDC /* BusiPDF-Info.plist */,
				F259711B16C2C4B800DEEBDC /* main.m */,
				69CC554016C8E36A00CDC6FC /* InfoPlist.strings */,
				F259711D16C2C4B800DEEBDC /* BusiPDF-Prefix.pch */,
				F259712116C2C4B800DEEBDC /* Default.png */,
				F259712316C2C4B800DEEBDC /* Default@2x.png */,
				F259712516C2C4B800DEEBDC /* Default-568h@2x.png */,
			);
			name = "Supporting Files";
			sourceTree = "<group>";
		};
/* End PBXGroup section */

/* Begin PBXNativeTarget section */
		F259710B16C2C4B800DEEBDC /* BusiPDF */ = {
			isa = PBXNativeTarget;
			buildConfigurationList = F259713516C2C4B900DEEBDC /* Build configuration list for PBXNativeTarget "BusiPDF" */;
			buildPhases = (
				F259710816C2C4B800DEEBDC /* Sources */,
				F259710916C2C4B800DEEBDC /* Frameworks */,
				F259710A16C2C4B800DEEBDC /* Resources */,
			);
			buildRules = (
			);
			dependencies = (
			);
			name = BusiPDF;
			productName = BusiPDF;
			productReference = F259710C16C2C4B800DEEBDC /* BusiPDF.app */;
			productType = "com.apple.product-type.application";
		};
/* End PBXNativeTarget section */

/* Begin PBXProject section */
		F259710416C2C4B800DEEBDC /* Project object */ = {
			isa = PBXProject;
			attributes = {
				CLASSPREFIX = AL;
				LastUpgradeCheck = 0460;
				ORGANIZATIONNAME = Ingesup;
			};
			buildConfigurationList = F259710716C2C4B800DEEBDC /* Build configuration list for PBXProject "BusiPDF" */;
			compatibilityVersion = "Xcode 3.2";
			developmentRegion = English;
			hasScannedForEncodings = 0;
			knownRegions = (
				en,
			);
			mainGroup = F259710316C2C4B800DEEBDC;
			productRefGroup = F259710D16C2C4B800DEEBDC /* Products */;
			projectDirPath = "";
			projectRoot = "";
			targets = (
				F259710B16C2C4B800DEEBDC /* BusiPDF */,
			);
		};
/* End PBXProject section */

/* Begin PBXResourcesBuildPhase section */
		F259710A16C2C4B800DEEBDC /* Resources */ = {
			isa = PBXResourcesBuildPhase;
			buildActionMask = 2147483647;
			files = (
				F259712216C2C4B800DEEBDC /* Default.png in Resources */,
				F259712416C2C4B800DEEBDC /* Default@2x.png in Resources */,
				F259712616C2C4B800DEEBDC /* Default-568h@2x.png in Resources */,
				69CC553C16C8E35A00CDC6FC /* ALDetailViewController.xib in Resources */,
				69CC553F16C8E36000CDC6FC /* ALMasterViewController.xib in Resources */,
				69CC554216C8E36A00CDC6FC /* InfoPlist.strings in Resources */,
				69CC554516C8EF8F00CDC6FC /* finance.png in Resources */,
			);
			runOnlyForDeploymentPostprocessing = 0;
		};
/* End PBXResourcesBuildPhase section */

/* Begin PBXSourcesBuildPhase section */
		F259710816C2C4B800DEEBDC /* Sources */ = {
			isa = PBXSourcesBuildPhase;
			buildActionMask = 2147483647;
			files = (
				6968F1C716C906AC0023EF7A /* ALDetailViewController.m in Sources */,
				6968F1C816C906AC0023EF7A /* ALMasterViewController.m in Sources */,
				F259711C16C2C4B800DEEBDC /* main.m in Sources */,
				F259712016C2C4B800DEEBDC /* ALAppDelegate.m in Sources */,
			);
			runOnlyForDeploymentPostprocessing = 0;
		};
/* End PBXSourcesBuildPhase section */

/* Begin PBXVariantGroup section */
		69CC553A16C8E35A00CDC6FC /* ALDetailViewController.xib */ = {
			isa = PBXVariantGroup;
			children = (
				69CC553B16C8E35A00CDC6FC /* en */,
			);
			name = ALDetailViewController.xib;
			sourceTree = "<group>";
		};
		69CC553D16C8E36000CDC6FC /* ALMasterViewController.xib */ = {
			isa = PBXVariantGroup;
			children = (
				69CC553E16C8E36000CDC6FC /* en */,
			);
			name = ALMasterViewController.xib;
			sourceTree = "<group>";
		};
		69CC554016C8E36A00CDC6FC /* InfoPlist.strings */ = {
			isa = PBXVariantGroup;
			children = (
				69CC554116C8E36A00CDC6FC /* en */,
			);
			name = InfoPlist.strings;
			sourceTree = "<group>";
		};
/* End PBXVariantGroup section */

/* Begin XCBuildConfiguration section */
		F259713316C2C4B900DEEBDC /* Debug */ = {
			isa = XCBuildConfiguration;
			buildSettings = {
				ALWAYS_SEARCH_USER_PATHS = NO;
				CLANG_CXX_LANGUAGE_STANDARD = "gnu++0x";
				CLANG_CXX_LIBRARY = "libc++";
				CLANG_ENABLE_OBJC_ARC = YES;
				CLANG_WARN_CONSTANT_CONVERSION = YES;
				CLANG_WARN_EMPTY_BODY = YES;
				CLANG_WARN_ENUM_CONVERSION = YES;
				CLANG_WARN_INT_CONVERSION = YES;
				CLANG_WARN__DUPLICATE_METHOD_MATCH = YES;
				"CODE_SIGN_IDENTITY[sdk=iphoneos*]" = "iPhone Developer";
				COPY_PHASE_STRIP = NO;
				GCC_C_LANGUAGE_STANDARD = gnu99;
				GCC_DYNAMIC_NO_PIC = NO;
				GCC_OPTIMIZATION_LEVEL = 0;
				GCC_PREPROCESSOR_DEFINITIONS = (
					"DEBUG=1",
					"$(inherited)",
				);
				GCC_SYMBOLS_PRIVATE_EXTERN = NO;
				GCC_WARN_ABOUT_RETURN_TYPE = YES;
				GCC_WARN_UNINITIALIZED_AUTOS = YES;
				GCC_WARN_UNUSED_VARIABLE = YES;
				IPHONEOS_DEPLOYMENT_TARGET = 6.1;
				ONLY_ACTIVE_ARCH = YES;
				SDKROOT = iphoneos;
				TARGETED_DEVICE_FAMILY = 2;
			};
			name = Debug;
		};
		F259713416C2C4B900DEEBDC /* Release */ = {
			isa = XCBuildConfiguration;
			buildSettings = {
				ALWAYS_SEARCH_USER_PATHS = NO;
				CLANG_CXX_LANGUAGE_STANDARD = "gnu++0x";
				CLANG_CXX_LIBRARY = "libc++";
				CLANG_ENABLE_OBJC_ARC = YES;
				CLANG_WARN_CONSTANT_CONVERSION = YES;
				CLANG_WARN_EMPTY_BODY = YES;
				CLANG_WARN_ENUM_CONVERSION = YES;
				CLANG_WARN_INT_CONVERSION = YES;
				CLANG_WARN__DUPLICATE_METHOD_MATCH = YES;
				"CODE_SIGN_IDENTITY[sdk=iphoneos*]" = "iPhone Developer";
				COPY_PHASE_STRIP = YES;
				GCC_C_LANGUAGE_STANDARD = gnu99;
				GCC_WARN_ABOUT_RETURN_TYPE = YES;
				GCC_WARN_UNINITIALIZED_AUTOS = YES;
				GCC_WARN_UNUSED_VARIABLE = YES;
				IPHONEOS_DEPLOYMENT_TARGET = 6.1;
				OTHER_CFLAGS = "-DNS_BLOCK_ASSERTIONS=1";
				SDKROOT = iphoneos;
				TARGETED_DEVICE_FAMILY = 2;
				VALIDATE_PRODUCT = YES;
			};
			name = Release;
		};
		F259713616C2C4B900DEEBDC /* Debug */ = {
			isa = XCBuildConfiguration;
			buildSettings = {
				CODE_SIGN_ENTITLEMENTS = BusiPDF/BusiPDF.entitlements;
				GCC_PRECOMPILE_PREFIX_HEADER = YES;
				GCC_PREFIX_HEADER = "BusiPDF/BusiPDF-Prefix.pch";
				INFOPLIST_FILE = "BusiPDF/BusiPDF-Info.plist";
				IPHONEOS_DEPLOYMENT_TARGET = 5.0;
				PRODUCT_NAME = "$(TARGET_NAME)";
				WRAPPER_EXTENSION = app;
			};
			name = Debug;
		};
		F259713716C2C4B900DEEBDC /* Release */ = {
			isa = XCBuildConfiguration;
			buildSettings = {
				CODE_SIGN_ENTITLEMENTS = BusiPDF/BusiPDF.entitlements;
				GCC_PRECOMPILE_PREFIX_HEADER = YES;
				GCC_PREFIX_HEADER = "BusiPDF/BusiPDF-Prefix.pch";
				INFOPLIST_FILE = "BusiPDF/BusiPDF-Info.plist";
				IPHONEOS_DEPLOYMENT_TARGET = 5.0;
				PRODUCT_NAME = "$(TARGET_NAME)";
				WRAPPER_EXTENSION = app;
			};
			name = Release;
		};
/* End XCBuildConfiguration section */

/* Begin XCConfigurationList section */
		F259710716C2C4B800DEEBDC /* Build configuration list for PBXProject "BusiPDF" */ = {
			isa = XCConfigurationList;
			buildConfigurations = (
				F259713316C2C4B900DEEBDC /* Debug */,
				F259713416C2C4B900DEEBDC /* Release */,
			);
			defaultConfigurationIsVisible = 0;
			defaultConfigurationName = Release;
		};
		F259713516C2C4B900DEEBDC /* Build configuration list for PBXNativeTarget "BusiPDF" */ = {
			isa = XCConfigurationList;
			buildConfigurations = (
				F259713616C2C4B900DEEBDC /* Debug */,
				F259713716C2C4B900DEEBDC /* Release */,
			);
			defaultConfigurationIsVisible = 0;
			defaultConfigurationName = Release;
		};
/* End XCConfigurationList section */
	};
	rootObject = F259710416C2C4B800DEEBDC /* Project object */;
}
